
Microsoft Visual Studio Solution File, Format Version 12.00
# Visual Studio 15
VisualStudioVersion = 15.0.27703.2000
MinimumVisualStudioVersion = 10.0.40219.1
Project("{888888A0-9F3D-457C-B088-3A5042F75D52}") = "ContactManagmentSystem", "ContactManagmentSystem\ContactManagmentSystem.pyproj", "{F786CB47-5C57-4652-827D-3D995E3421CF}"
EndProject
Global
	GlobalSection(SolutionConfigurationPlatforms) = preSolution
		Debug|Any CPU = Debug|Any CPU
		Release|Any CPU = Release|Any CPU
	EndGlobalSection
	GlobalSection(ProjectConfigurationPlatforms) = postSolution
		{F786CB47-5C57-4652-827D-3D995E3421CF}.Debug|Any CPU.ActiveCfg = Debug|Any CPU
		{F786CB47-5C57-4652-827D-3D995E3421CF}.Debug|Any CPU.Build.0 = Debug|Any CPU
		{F786CB47-5C57-4652-827D-3D995E3421CF}.Release|Any CPU.ActiveCfg = Release|Any CPU
		{F786CB47-5C57-4652-827D-3D995E3421CF}.Release|Any CPU.Build.0 = Release|Any CPU
	EndGlobalSection
	GlobalSection(SolutionProperties) = preSolution
		HideSolutionNode = FALSE
	EndGlobalSection
	GlobalSection(ExtensibilityGlobals) = postSolution
		SolutionGuid = {306D79FC-E067-40D6-B00E-50A338B9EDDA}
	EndGlobalSection
EndGlobal
